
Microsoft Visual Studio Solution File, Format Version 12.00
# Visual Studio Version 17
VisualStudioVersion = 17.6.33815.320
MinimumVisualStudioVersion = 10.0.40219.1
Project("{FAE04EC0-301F-11D3-BF4B-00C04F79EFBC}") = "UserRegistrationTest", "..\UserRegistrationTest\UserRegistrationTest.csproj", "{3D9971FE-45E2-4F63-8357-EE17EF2D0574}"
EndProject
Project("{FAE04EC0-301F-11D3-BF4B-00C04F79EFBC}") = "UserRegistration", "..\UserRegistration\UserRegistration.csproj", "{DF85984A-78FE-4D9C-B21C-F7C3FD45ED59}"
EndProject
Global
	GlobalSection(SolutionConfigurationPlatforms) = preSolution
		Debug|Any CPU = Debug|Any CPU
		Release|Any CPU = Release|Any CPU
	EndGlobalSection
	GlobalSection(ProjectConfigurationPlatforms) = postSolution
		{3D9971FE-45E2-4F63-8357-EE17EF2D0574}.Debug|Any CPU.ActiveCfg = Debug|Any CPU
		{3D9971FE-45E2-4F63-8357-EE17EF2D0574}.Debug|Any CPU.Build.0 = Debug|Any CPU
		{3D9971FE-45E2-4F63-8357-EE17EF2D0574}.Release|Any CPU.ActiveCfg = Release|Any CPU
		{3D9971FE-45E2-4F63-8357-EE17EF2D0574}.Release|Any CPU.Build.0 = Release|Any CPU
		{DF85984A-78FE-4D9C-B21C-F7C3FD45ED59}.Debug|Any CPU.ActiveCfg = Debug|Any CPU
		{DF85984A-78FE-4D9C-B21C-F7C3FD45ED59}.Debug|Any CPU.Build.0 = Debug|Any CPU
		{DF85984A-78FE-4D9C-B21C-F7C3FD45ED59}.Release|Any CPU.ActiveCfg = Release|Any CPU
		{DF85984A-78FE-4D9C-B21C-F7C3FD45ED59}.Release|Any CPU.Build.0 = Release|Any CPU
	EndGlobalSection
	GlobalSection(SolutionProperties) = preSolution
		HideSolutionNode = FALSE
	EndGlobalSection
	GlobalSection(ExtensibilityGlobals) = postSolution
		SolutionGuid = {783DAECA-74F0-4F53-A72D-317CC918A39C}
	EndGlobalSection
EndGlobal
